
Microsoft Visual Studio Solution File, Format Version 12.00
# Visual Studio Version 17
VisualStudioVersion = 17.9.34728.123
MinimumVisualStudioVersion = 10.0.40219.1
Project("{FAE04EC0-301F-11D3-BF4B-00C04F79EFBC}") = "BetterSpawnTimer", "BetterSpawnTimer\BetterSpawnTimer.csproj", "{DF91FB13-BBDA-4340-9716-74775A4CD4EF}"
EndProject
Project("{FAE04EC0-301F-11D3-BF4B-00C04F79EFBC}") = "BetterSpawnTimer-HSM", "BetterSpawnTimer-HSM\BetterSpawnTimer-HSM.csproj", "{9E50C814-A69A-4211-B2CF-9D9316AACF43}"
EndProject
Project("{FAE04EC0-301F-11D3-BF4B-00C04F79EFBC}") = "BetterSpawnTimer-Ruei", "BetterSpawnTimer-Ruei\BetterSpawnTimer-Ruei.csproj", "{8C12F80D-3BC4-4395-AD53-B0DCD7E47B76}"
EndProject
Global
	GlobalSection(SolutionConfigurationPlatforms) = preSolution
		Debug|Any CPU = Debug|Any CPU
		Release|Any CPU = Release|Any CPU
	EndGlobalSection
	GlobalSection(ProjectConfigurationPlatforms) = postSolution
		{DF91FB13-BBDA-4340-9716-74775A4CD4EF}.Debug|Any CPU.ActiveCfg = Debug|Any CPU
		{DF91FB13-BBDA-4340-9716-74775A4CD4EF}.Debug|Any CPU.Build.0 = Debug|Any CPU
		{DF91FB13-BBDA-4340-9716-74775A4CD4EF}.Release|Any CPU.ActiveCfg = Release|Any CPU
		{DF91FB13-BBDA-4340-9716-74775A4CD4EF}.Release|Any CPU.Build.0 = Release|Any CPU
		{9E50C814-A69A-4211-B2CF-9D9316AACF43}.Debug|Any CPU.ActiveCfg = Debug|Any CPU
		{9E50C814-A69A-4211-B2CF-9D9316AACF43}.Debug|Any CPU.Build.0 = Debug|Any CPU
		{9E50C814-A69A-4211-B2CF-9D9316AACF43}.Release|Any CPU.ActiveCfg = Release|Any CPU
		{9E50C814-A69A-4211-B2CF-9D9316AACF43}.Release|Any CPU.Build.0 = Release|Any CPU
		{8C12F80D-3BC4-4395-AD53-B0DCD7E47B76}.Debug|Any CPU.ActiveCfg = Debug|Any CPU
		{8C12F80D-3BC4-4395-AD53-B0DCD7E47B76}.Debug|Any CPU.Build.0 = Debug|Any CPU
		{8C12F80D-3BC4-4395-AD53-B0DCD7E47B76}.Release|Any CPU.ActiveCfg = Release|Any CPU
		{8C12F80D-3BC4-4395-AD53-B0DCD7E47B76}.Release|Any CPU.Build.0 = Release|Any CPU
	EndGlobalSection
	GlobalSection(SolutionProperties) = preSolution
		HideSolutionNode = FALSE
	EndGlobalSection
	GlobalSection(ExtensibilityGlobals) = postSolution
		SolutionGuid = {54F6DC77-8469-457B-B9FC-8A0A9EB45E64}
	EndGlobalSection
EndGlobal
